PODS:
  - Alamofire (4.8.2)
  - Alamofire-SwiftyJSON (3.0.0):
    - Alamofire (~> 4.5)
    - SwiftyJSON (~> 4.0.0)
  - AwaitKit (5.1.0):
    - PromiseKit (~> 6)
  - GoogleMaps (3.7.0):
    - GoogleMaps/Maps (= 3.7.0)
  - GoogleMaps/Base (3.7.0)
  - GoogleMaps/Maps (3.7.0):
    - GoogleMaps/Base
  - JWTDecode (2.2.0)
  - PromiseKit (6.8.3):
    - PromiseKit/CorePromise (= 6.8.3)
    - PromiseKit/Foundation (= 6.8.3)
    - PromiseKit/UIKit (= 6.8.3)
  - PromiseKit/Alamofire (6.8.3):
    - Alamofire (~> 4.0)
    - PromiseKit/CorePromise
  - PromiseKit/CorePromise (6.8.3)
  - PromiseKit/Foundation (6.8.3):
    - PromiseKit/CorePromise
  - PromiseKit/UIKit (6.8.3):
    - PromiseKit/CorePromise
  - Reachability (3.2)
  - Socket.IO-Client-Swift (15.2.0):
    - Starscream (~> 3.1)
  - Starscream (3.1.1)
  - SwiftyJSON (4.0.0)

DEPENDENCIES:
  - Alamofire
  - Alamofire-SwiftyJSON
  - AwaitKit
  - GoogleMaps
  - JWTDecode
  - PromiseKit
  - PromiseKit/Alamofire
  - Reachability
  - Socket.IO-Client-Swift (~> 15.2.0)
  - SwiftyJSON (~> 4.0)

SPEC REPOS:
  trunk:
    - Alamofire
    - Alamofire-SwiftyJSON
    - AwaitKit
    - GoogleMaps
    - JWTDecode
    - PromiseKit
    - Reachability
    - Socket.IO-Client-Swift
    - Starscream
    - SwiftyJSON

SPEC CHECKSUMS:
  Alamofire: ae5c501addb7afdbb13687d7f2f722c78734c2d3
  Alamofire-SwiftyJSON: 2b3649d57dc7bb2880fb8b86f8bb969397666916
  AwaitKit: a8a3d8982097ee09ac75f5c5d3952fbcc2f26f1c
  GoogleMaps: 55da829c68aa931f3ae982b9e341cc2f3d89c587
  JWTDecode: 85a405ab16d5473e99bd89ded1d535090ebd6a0e
  PromiseKit: 94c6e781838c5bf4717677d0d882b0e7250c80fc
  Reachability: 33e18b67625424e47b6cde6d202dce689ad7af96
  Socket.IO-Client-Swift: 1e3e3a1f09f3312a167f0d781eb2f383d477357c
  Starscream: 4bb2f9942274833f7b4d296a55504dcfc7edb7b0
  SwiftyJSON: 070dabdcb1beb81b247c65ffa3a79dbbfb3b48aa

PODFILE CHECKSUM: 7d228bb6e23614e4de516e63f64cf6e3c386cd76

COCOAPODS: 1.8.4
