// !$*UTF8*$!
{
	archiveVersion = 1;
	classes = {
	};
	objectVersion = 51;
	objects = {

/* Begin PBXBuildFile section */
		3D45A09D23D378070091B225 /* RepairStationCell.swift in Sources */ = {isa = PBXBuildFile; fileRef = 3D45A09B23D378070091B225 /* RepairStationCell.swift */; };
		3D45A09E23D378070091B225 /* RepairStationCell.xib in Resources */ = {isa = PBXBuildFile; fileRef = 3D45A09C23D378070091B225 /* RepairStationCell.xib */; };
		3D45A0A023D37A820091B225 /* RoundedCorners.swift in Sources */ = {isa = PBXBuildFile; fileRef = 3D45A09F23D37A820091B225 /* RoundedCorners.swift */; };
		3D45A0A523D391580091B225 /* RepairStationService.swift in Sources */ = {isa = PBXBuildFile; fileRef = 3D45A0A423D391580091B225 /* RepairStationService.swift */; };
		3D638F5223D3A11E00EBFCEC /* RepairStation.swift in Sources */ = {isa = PBXBuildFile; fileRef = 3D638F5123D3A11E00EBFCEC /* RepairStation.swift */; };
		3DEE1CAC23D374D500E4291F /* AppDelegate.swift in Sources */ = {isa = PBXBuildFile; fileRef = 3DEE1CAB23D374D500E4291F /* AppDelegate.swift */; };
		3DEE1CAE23D374D500E4291F /* ViewController.swift in Sources */ = {isa = PBXBuildFile; fileRef = 3DEE1CAD23D374D500E4291F /* ViewController.swift */; };
		3DEE1CB123D374D500E4291F /* Main.storyboard in Resources */ = {isa = PBXBuildFile; fileRef = 3DEE1CAF23D374D500E4291F /* Main.storyboard */; };
		3DEE1CB323D374D600E4291F /* Assets.xcassets in Resources */ = {isa = PBXBuildFile; fileRef = 3DEE1CB223D374D600E4291F /* Assets.xcassets */; };
		3DEE1CB623D374D600E4291F /* LaunchScreen.storyboard in Resources */ = {isa = PBXBuildFile; fileRef = 3DEE1CB423D374D600E4291F /* LaunchScreen.storyboard */; };
		59A64A2580D6C82B3AE06522 /* Pods_Bicycle.framework in Frameworks */ = {isa = PBXBuildFile; fileRef = 51C8E86E355EA89BD636235B /* Pods_Bicycle.framework */; };
		8C92B54323D3B2DA00413DDA /* RepairStationsMapsViewController.swift in Sources */ = {isa = PBXBuildFile; fileRef = 8C92B54223D3B2DA00413DDA /* RepairStationsMapsViewController.swift */; };
/* End PBXBuildFile section */

/* Begin PBXFileReference section */
		3D45A09B23D378070091B225 /* RepairStationCell.swift */ = {isa = PBXFileReference; lastKnownFileType = sourcecode.swift; path = RepairStationCell.swift; sourceTree = "<group>"; };
		3D45A09C23D378070091B225 /* RepairStationCell.xib */ = {isa = PBXFileReference; lastKnownFileType = file.xib; path = RepairStationCell.xib; sourceTree = "<group>"; };
		3D45A09F23D37A820091B225 /* RoundedCorners.swift */ = {isa = PBXFileReference; lastKnownFileType = sourcecode.swift; path = RoundedCorners.swift; sourceTree = "<group>"; };
		3D45A0A423D391580091B225 /* RepairStationService.swift */ = {isa = PBXFileReference; lastKnownFileType = sourcecode.swift; path = RepairStationService.swift; sourceTree = "<group>"; };
		3D638F5123D3A11E00EBFCEC /* RepairStation.swift */ = {isa = PBXFileReference; lastKnownFileType = sourcecode.swift; path = RepairStation.swift; sourceTree = "<group>"; };
		3DEE1CA823D374D500E4291F /* Bicycle.app */ = {isa = PBXFileReference; explicitFileType = wrapper.application; includeInIndex = 0; path = Bicycle.app; sourceTree = BUILT_PRODUCTS_DIR; };
		3DEE1CAB23D374D500E4291F /* AppDelegate.swift */ = {isa = PBXFileReference; lastKnownFileType = sourcecode.swift; path = AppDelegate.swift; sourceTree = "<group>"; };
		3DEE1CAD23D374D500E4291F /* ViewController.swift */ = {isa = PBXFileReference; lastKnownFileType = sourcecode.swift; path = ViewController.swift; sourceTree = "<group>"; };
		3DEE1CB023D374D500E4291F /* Base */ = {isa = PBXFileReference; lastKnownFileType = file.storyboard; name = Base; path = Base.lproj/Main.storyboard; sourceTree = "<group>"; };
		3DEE1CB223D374D600E4291F /* Assets.xcassets */ = {isa = PBXFileReference; lastKnownFileType = folder.assetcatalog; path = Assets.xcassets; sourceTree = "<group>"; };
		3DEE1CB523D374D600E4291F /* Base */ = {isa = PBXFileReference; lastKnownFileType = file.storyboard; name = Base; path = Base.lproj/LaunchScreen.storyboard; sourceTree = "<group>"; };
		3DEE1CB723D374D600E4291F /* Info.plist */ = {isa = PBXFileReference; lastKnownFileType = text.plist.xml; path = Info.plist; sourceTree = "<group>"; };
		51C8E86E355EA89BD636235B /* Pods_Bicycle.framework */ = {isa = PBXFileReference; explicitFileType = wrapper.framework; includeInIndex = 0; path = Pods_Bicycle.framework; sourceTree = BUILT_PRODUCTS_DIR; };
		6BE27813FE31BF883A8237CA /* Pods-Bicycle.release.xcconfig */ = {isa = PBXFileReference; includeInIndex = 1; lastKnownFileType = text.xcconfig; name = "Pods-Bicycle.release.xcconfig"; path = "Pods/Target Support Files/Pods-Bicycle/Pods-Bicycle.release.xcconfig"; sourceTree = "<group>"; };
		8C92B54223D3B2DA00413DDA /* RepairStationsMapsViewController.swift */ = {isa = PBXFileReference; lastKnownFileType = sourcecode.swift; path = RepairStationsMapsViewController.swift; sourceTree = "<group>"; };
		F2A94940BAF73C86B9868BAF /* Pods-Bicycle.debug.xcconfig */ = {isa = PBXFileReference; includeInIndex = 1; lastKnownFileType = text.xcconfig; name = "Pods-Bicycle.debug.xcconfig"; path = "Pods/Target Support Files/Pods-Bicycle/Pods-Bicycle.debug.xcconfig"; sourceTree = "<group>"; };
/* End PBXFileReference section */

/* Begin PBXFrameworksBuildPhase section */
		3DEE1CA523D374D500E4291F /* Frameworks */ = {
			isa = PBXFrameworksBuildPhase;
			buildActionMask = 2147483647;
			files = (
				59A64A2580D6C82B3AE06522 /* Pods_Bicycle.framework in Frameworks */,
			);
			runOnlyForDeploymentPostprocessing = 0;
		};
/* End PBXFrameworksBuildPhase section */

/* Begin PBXGroup section */
		3D45A09A23D377AD0091B225 /* RepairStations */ = {
			isa = PBXGroup;
			children = (
				3D45A09B23D378070091B225 /* RepairStationCell.swift */,
				3D45A09C23D378070091B225 /* RepairStationCell.xib */,
				3D45A0A423D391580091B225 /* RepairStationService.swift */,
				3D638F5123D3A11E00EBFCEC /* RepairStation.swift */,
			);
			path = RepairStations;
			sourceTree = "<group>";
		};
		3D45A0A123D37A8A0091B225 /* Buttons */ = {
			isa = PBXGroup;
			children = (
				3D45A09F23D37A820091B225 /* RoundedCorners.swift */,
			);
			path = Buttons;
			sourceTree = "<group>";
		};
		3DEE1C9F23D374D400E4291F = {
			isa = PBXGroup;
			children = (
				3DEE1CAA23D374D500E4291F /* Bicycle */,
				3DEE1CA923D374D500E4291F /* Products */,
				FE4D6BC20B5B2D4BE28CE58B /* Pods */,
				D09EC0F5AAD0AD3E6AA1AD12 /* Frameworks */,
			);
			sourceTree = "<group>";
		};
		3DEE1CA923D374D500E4291F /* Products */ = {
			isa = PBXGroup;
			children = (
				3DEE1CA823D374D500E4291F /* Bicycle.app */,
			);
			name = Products;
			sourceTree = "<group>";
		};
		3DEE1CAA23D374D500E4291F /* Bicycle */ = {
			isa = PBXGroup;
			children = (
				8C92B54123D3B28C00413DDA /* Maps */,
				3D45A0A123D37A8A0091B225 /* Buttons */,
				3D45A09A23D377AD0091B225 /* RepairStations */,
				3DEE1CAB23D374D500E4291F /* AppDelegate.swift */,
				3DEE1CAD23D374D500E4291F /* ViewController.swift */,
				3DEE1CAF23D374D500E4291F /* Main.storyboard */,
				3DEE1CB223D374D600E4291F /* Assets.xcassets */,
				3DEE1CB423D374D600E4291F /* LaunchScreen.storyboard */,
				3DEE1CB723D374D600E4291F /* Info.plist */,
			);
			path = Bicycle;
			sourceTree = "<group>";
		};
		8C92B54123D3B28C00413DDA /* Maps */ = {
			isa = PBXGroup;
			children = (
				8C92B54223D3B2DA00413DDA /* RepairStationsMapsViewController.swift */,
			);
			path = Maps;
			sourceTree = "<group>";
		};
		D09EC0F5AAD0AD3E6AA1AD12 /* Frameworks */ = {
			isa = PBXGroup;
			children = (
				51C8E86E355EA89BD636235B /* Pods_Bicycle.framework */,
			);
			name = Frameworks;
			sourceTree = "<group>";
		};
		FE4D6BC20B5B2D4BE28CE58B /* Pods */ = {
			isa = PBXGroup;
			children = (
				F2A94940BAF73C86B9868BAF /* Pods-Bicycle.debug.xcconfig */,
				6BE27813FE31BF883A8237CA /* Pods-Bicycle.release.xcconfig */,
			);
			name = Pods;
			sourceTree = "<group>";
		};
/* End PBXGroup section */

/* Begin PBXNativeTarget section */
		3DEE1CA723D374D500E4291F /* Bicycle */ = {
			isa = PBXNativeTarget;
			buildConfigurationList = 3DEE1CBA23D374D600E4291F /* Build configuration list for PBXNativeTarget "Bicycle" */;
			buildPhases = (
				6D6398B8A3CF420A865DF506 /* [CP] Check Pods Manifest.lock */,
				3DEE1CA423D374D500E4291F /* Sources */,
				3DEE1CA523D374D500E4291F /* Frameworks */,
				3DEE1CA623D374D500E4291F /* Resources */,
				8F59C04B01BECBDBD3AC87B4 /* [CP] Embed Pods Frameworks */,
				1B7F4C5929FE1395ED2BDD97 /* [CP] Copy Pods Resources */,
			);
			buildRules = (
			);
			dependencies = (
			);
			name = Bicycle;
			productName = Bicycle;
			productReference = 3DEE1CA823D374D500E4291F /* Bicycle.app */;
			productType = "com.apple.product-type.application";
		};
/* End PBXNativeTarget section */

/* Begin PBXProject section */
		3DEE1CA023D374D400E4291F /* Project object */ = {
			isa = PBXProject;
			attributes = {
				LastSwiftUpdateCheck = 1010;
				LastUpgradeCheck = 1010;
				ORGANIZATIONNAME = "William Sevigny";
				TargetAttributes = {
					3DEE1CA723D374D500E4291F = {
						CreatedOnToolsVersion = 10.1;
					};
				};
			};
			buildConfigurationList = 3DEE1CA323D374D400E4291F /* Build configuration list for PBXProject "Bicycle" */;
			compatibilityVersion = "Xcode 9.3";
			developmentRegion = en;
			hasScannedForEncodings = 0;
			knownRegions = (
				en,
				Base,
			);
			mainGroup = 3DEE1C9F23D374D400E4291F;
			productRefGroup = 3DEE1CA923D374D500E4291F /* Products */;
			projectDirPath = "";
			projectRoot = "";
			targets = (
				3DEE1CA723D374D500E4291F /* Bicycle */,
			);
		};
/* End PBXProject section */

/* Begin PBXResourcesBuildPhase section */
		3DEE1CA623D374D500E4291F /* Resources */ = {
			isa = PBXResourcesBuildPhase;
			buildActionMask = 2147483647;
			files = (
				3DEE1CB623D374D600E4291F /* LaunchScreen.storyboard in Resources */,
				3DEE1CB323D374D600E4291F /* Assets.xcassets in Resources */,
				3DEE1CB123D374D500E4291F /* Main.storyboard in Resources */,
				3D45A09E23D378070091B225 /* RepairStationCell.xib in Resources */,
			);
			runOnlyForDeploymentPostprocessing = 0;
		};
/* End PBXResourcesBuildPhase section */

/* Begin PBXShellScriptBuildPhase section */
		1B7F4C5929FE1395ED2BDD97 /* [CP] Copy Pods Resources */ = {
			isa = PBXShellScriptBuildPhase;
			buildActionMask = 2147483647;
			files = (
			);
			inputFileListPaths = (
				"${PODS_ROOT}/Target Support Files/Pods-Bicycle/Pods-Bicycle-resources-${CONFIGURATION}-input-files.xcfilelist",
			);
			name = "[CP] Copy Pods Resources";
			outputFileListPaths = (
				"${PODS_ROOT}/Target Support Files/Pods-Bicycle/Pods-Bicycle-resources-${CONFIGURATION}-output-files.xcfilelist",
			);
			runOnlyForDeploymentPostprocessing = 0;
			shellPath = /bin/sh;
			shellScript = "\"${PODS_ROOT}/Target Support Files/Pods-Bicycle/Pods-Bicycle-resources.sh\"\n";
			showEnvVarsInLog = 0;
		};
		6D6398B8A3CF420A865DF506 /* [CP] Check Pods Manifest.lock */ = {
			isa = PBXShellScriptBuildPhase;
			buildActionMask = 2147483647;
			files = (
			);
			inputFileListPaths = (
			);
			inputPaths = (
				"${PODS_PODFILE_DIR_PATH}/Podfile.lock",
				"${PODS_ROOT}/Manifest.lock",
			);
			name = "[CP] Check Pods Manifest.lock";
			outputFileListPaths = (
			);
			outputPaths = (
				"$(DERIVED_FILE_DIR)/Pods-Bicycle-checkManifestLockResult.txt",
			);
			runOnlyForDeploymentPostprocessing = 0;
			shellPath = /bin/sh;
			shellScript = "diff \"${PODS_PODFILE_DIR_PATH}/Podfile.lock\" \"${PODS_ROOT}/Manifest.lock\" > /dev/null\nif [ $? != 0 ] ; then\n    # print error to STDERR\n    echo \"error: The sandbox is not in sync with the Podfile.lock. Run 'pod install' or update your CocoaPods installation.\" >&2\n    exit 1\nfi\n# This output is used by Xcode 'outputs' to avoid re-running this script phase.\necho \"SUCCESS\" > \"${SCRIPT_OUTPUT_FILE_0}\"\n";
			showEnvVarsInLog = 0;
		};
		8F59C04B01BECBDBD3AC87B4 /* [CP] Embed Pods Frameworks */ = {
			isa = PBXShellScriptBuildPhase;
			buildActionMask = 2147483647;
			files = (
			);
			inputFileListPaths = (
				"${PODS_ROOT}/Target Support Files/Pods-Bicycle/Pods-Bicycle-frameworks-${CONFIGURATION}-input-files.xcfilelist",
			);
			name = "[CP] Embed Pods Frameworks";
			outputFileListPaths = (
				"${PODS_ROOT}/Target Support Files/Pods-Bicycle/Pods-Bicycle-frameworks-${CONFIGURATION}-output-files.xcfilelist",
			);
			runOnlyForDeploymentPostprocessing = 0;
			shellPath = /bin/sh;
			shellScript = "\"${PODS_ROOT}/Target Support Files/Pods-Bicycle/Pods-Bicycle-frameworks.sh\"\n";
			showEnvVarsInLog = 0;
		};
/* End PBXShellScriptBuildPhase section */

/* Begin PBXSourcesBuildPhase section */
		3DEE1CA423D374D500E4291F /* Sources */ = {
			isa = PBXSourcesBuildPhase;
			buildActionMask = 2147483647;
			files = (
				3D45A0A023D37A820091B225 /* RoundedCorners.swift in Sources */,
				3D638F5223D3A11E00EBFCEC /* RepairStation.swift in Sources */,
				3DEE1CAE23D374D500E4291F /* ViewController.swift in Sources */,
				8C92B54323D3B2DA00413DDA /* RepairStationsMapsViewController.swift in Sources */,
				3D45A0A523D391580091B225 /* RepairStationService.swift in Sources */,
				3DEE1CAC23D374D500E4291F /* AppDelegate.swift in Sources */,
				3D45A09D23D378070091B225 /* RepairStationCell.swift in Sources */,
			);
			runOnlyForDeploymentPostprocessing = 0;
		};
/* End PBXSourcesBuildPhase section */

/* Begin PBXVariantGroup section */
		3DEE1CAF23D374D500E4291F /* Main.storyboard */ = {
			isa = PBXVariantGroup;
			children = (
				3DEE1CB023D374D500E4291F /* Base */,
			);
			name = Main.storyboard;
			sourceTree = "<group>";
		};
		3DEE1CB423D374D600E4291F /* LaunchScreen.storyboard */ = {
			isa = PBXVariantGroup;
			children = (
				3DEE1CB523D374D600E4291F /* Base */,
			);
			name = LaunchScreen.storyboard;
			sourceTree = "<group>";
		};
/* End PBXVariantGroup section */

/* Begin XCBuildConfiguration section */
		3DEE1CB823D374D600E4291F /* Debug */ = {
			isa = XCBuildConfiguration;
			buildSettings = {
				ALWAYS_SEARCH_USER_PATHS = NO;
				CLANG_ANALYZER_NONNULL = YES;
				CLANG_ANALYZER_NUMBER_OBJECT_CONVERSION = YES_AGGRESSIVE;
				CLANG_CXX_LANGUAGE_STANDARD = "gnu++14";
				CLANG_CXX_LIBRARY = "libc++";
				CLANG_ENABLE_MODULES = YES;
				CLANG_ENABLE_OBJC_ARC = YES;
				CLANG_ENABLE_OBJC_WEAK = YES;
				CLANG_WARN_BLOCK_CAPTURE_AUTORELEASING = YES;
				CLANG_WARN_BOOL_CONVERSION = YES;
				CLANG_WARN_COMMA = YES;
				CLANG_WARN_CONSTANT_CONVERSION = YES;
				CLANG_WARN_DEPRECATED_OBJC_IMPLEMENTATIONS = YES;
				CLANG_WARN_DIRECT_OBJC_ISA_USAGE = YES_ERROR;
				CLANG_WARN_DOCUMENTATION_COMMENTS = YES;
				CLANG_WARN_EMPTY_BODY = YES;
				CLANG_WARN_ENUM_CONVERSION = YES;
				CLANG_WARN_INFINITE_RECURSION = YES;
				CLANG_WARN_INT_CONVERSION = YES;
				CLANG_WARN_NON_LITERAL_NULL_CONVERSION = YES;
				CLANG_WARN_OBJC_IMPLICIT_RETAIN_SELF = YES;
				CLANG_WARN_OBJC_LITERAL_CONVERSION = YES;
				CLANG_WARN_OBJC_ROOT_CLASS = YES_ERROR;
				CLANG_WARN_RANGE_LOOP_ANALYSIS = YES;
				CLANG_WARN_STRICT_PROTOTYPES = YES;
				CLANG_WARN_SUSPICIOUS_MOVE = YES;
				CLANG_WARN_UNGUARDED_AVAILABILITY = YES_AGGRESSIVE;
				CLANG_WARN_UNREACHABLE_CODE = YES;
				CLANG_WARN__DUPLICATE_METHOD_MATCH = YES;
				CODE_SIGN_IDENTITY = "iPhone Developer";
				COPY_PHASE_STRIP = NO;
				DEBUG_INFORMATION_FORMAT = dwarf;
				ENABLE_STRICT_OBJC_MSGSEND = YES;
				ENABLE_TESTABILITY = YES;
				GCC_C_LANGUAGE_STANDARD = gnu11;
				GCC_DYNAMIC_NO_PIC = NO;
				GCC_NO_COMMON_BLOCKS = YES;
				GCC_OPTIMIZATION_LEVEL = 0;
				GCC_PREPROCESSOR_DEFINITIONS = (
					"DEBUG=1",
					"$(inherited)",
				);
				GCC_WARN_64_TO_32_BIT_CONVERSION = YES;
				GCC_WARN_ABOUT_RETURN_TYPE = YES_ERROR;
				GCC_WARN_UNDECLARED_SELECTOR = YES;
				GCC_WARN_UNINITIALIZED_AUTOS = YES_AGGRESSIVE;
				GCC_WARN_UNUSED_FUNCTION = YES;
				GCC_WARN_UNUSED_VARIABLE = YES;
				IPHONEOS_DEPLOYMENT_TARGET = 12.1;
				MTL_ENABLE_DEBUG_INFO = INCLUDE_SOURCE;
				MTL_FAST_MATH = YES;
				ONLY_ACTIVE_ARCH = YES;
				SDKROOT = iphoneos;
				SWIFT_ACTIVE_COMPILATION_CONDITIONS = DEBUG;
				SWIFT_OPTIMIZATION_LEVEL = "-Onone";
			};
			name = Debug;
		};
		3DEE1CB923D374D600E4291F /* Release */ = {
			isa = XCBuildConfiguration;
			buildSettings = {
				ALWAYS_SEARCH_USER_PATHS = NO;
				CLANG_ANALYZER_NONNULL = YES;
				CLANG_ANALYZER_NUMBER_OBJECT_CONVERSION = YES_AGGRESSIVE;
				CLANG_CXX_LANGUAGE_STANDARD = "gnu++14";
				CLANG_CXX_LIBRARY = "libc++";
				CLANG_ENABLE_MODULES = YES;
				CLANG_ENABLE_OBJC_ARC = YES;
				CLANG_ENABLE_OBJC_WEAK = YES;
				CLANG_WARN_BLOCK_CAPTURE_AUTORELEASING = YES;
				CLANG_WARN_BOOL_CONVERSION = YES;
				CLANG_WARN_COMMA = YES;
				CLANG_WARN_CONSTANT_CONVERSION = YES;
				CLANG_WARN_DEPRECATED_OBJC_IMPLEMENTATIONS = YES;
				CLANG_WARN_DIRECT_OBJC_ISA_USAGE = YES_ERROR;
				CLANG_WARN_DOCUMENTATION_COMMENTS = YES;
				CLANG_WARN_EMPTY_BODY = YES;
				CLANG_WARN_ENUM_CONVERSION = YES;
				CLANG_WARN_INFINITE_RECURSION = YES;
				CLANG_WARN_INT_CONVERSION = YES;
				CLANG_WARN_NON_LITERAL_NULL_CONVERSION = YES;
				CLANG_WARN_OBJC_IMPLICIT_RETAIN_SELF = YES;
				CLANG_WARN_OBJC_LITERAL_CONVERSION = YES;
				CLANG_WARN_OBJC_ROOT_CLASS = YES_ERROR;
				CLANG_WARN_RANGE_LOOP_ANALYSIS = YES;
				CLANG_WARN_STRICT_PROTOTYPES = YES;
				CLANG_WARN_SUSPICIOUS_MOVE = YES;
				CLANG_WARN_UNGUARDED_AVAILABILITY = YES_AGGRESSIVE;
				CLANG_WARN_UNREACHABLE_CODE = YES;
				CLANG_WARN__DUPLICATE_METHOD_MATCH = YES;
				CODE_SIGN_IDENTITY = "iPhone Developer";
				COPY_PHASE_STRIP = NO;
				DEBUG_INFORMATION_FORMAT = "dwarf-with-dsym";
				ENABLE_NS_ASSERTIONS = NO;
				ENABLE_STRICT_OBJC_MSGSEND = YES;
				GCC_C_LANGUAGE_STANDARD = gnu11;
				GCC_NO_COMMON_BLOCKS = YES;
				GCC_WARN_64_TO_32_BIT_CONVERSION = YES;
				GCC_WARN_ABOUT_RETURN_TYPE = YES_ERROR;
				GCC_WARN_UNDECLARED_SELECTOR = YES;
				GCC_WARN_UNINITIALIZED_AUTOS = YES_AGGRESSIVE;
				GCC_WARN_UNUSED_FUNCTION = YES;
				GCC_WARN_UNUSED_VARIABLE = YES;
				IPHONEOS_DEPLOYMENT_TARGET = 12.1;
				MTL_ENABLE_DEBUG_INFO = NO;
				MTL_FAST_MATH = YES;
				SDKROOT = iphoneos;
				SWIFT_COMPILATION_MODE = wholemodule;
				SWIFT_OPTIMIZATION_LEVEL = "-O";
				VALIDATE_PRODUCT = YES;
			};
			name = Release;
		};
		3DEE1CBB23D374D600E4291F /* Debug */ = {
			isa = XCBuildConfiguration;
			baseConfigurationReference = F2A94940BAF73C86B9868BAF /* Pods-Bicycle.debug.xcconfig */;
			buildSettings = {
				ASSETCATALOG_COMPILER_APPICON_NAME = AppIcon;
				CODE_SIGN_STYLE = Automatic;
				DEVELOPMENT_TEAM = 227V6QKFLX;
				INFOPLIST_FILE = Bicycle/Info.plist;
				LD_RUNPATH_SEARCH_PATHS = (
					"$(inherited)",
					"@executable_path/Frameworks",
				);
				PRODUCT_BUNDLE_IDENTIFIER = hackatown.Bicycle;
				PRODUCT_NAME = "$(TARGET_NAME)";
				SWIFT_VERSION = 4.2;
				TARGETED_DEVICE_FAMILY = "1,2";
			};
			name = Debug;
		};
		3DEE1CBC23D374D600E4291F /* Release */ = {
			isa = XCBuildConfiguration;
			baseConfigurationReference = 6BE27813FE31BF883A8237CA /* Pods-Bicycle.release.xcconfig */;
			buildSettings = {
				ASSETCATALOG_COMPILER_APPICON_NAME = AppIcon;
				CODE_SIGN_STYLE = Automatic;
				DEVELOPMENT_TEAM = 227V6QKFLX;
				INFOPLIST_FILE = Bicycle/Info.plist;
				LD_RUNPATH_SEARCH_PATHS = (
					"$(inherited)",
					"@executable_path/Frameworks",
				);
				PRODUCT_BUNDLE_IDENTIFIER = hackatown.Bicycle;
				PRODUCT_NAME = "$(TARGET_NAME)";
				SWIFT_VERSION = 4.2;
				TARGETED_DEVICE_FAMILY = "1,2";
			};
			name = Release;
		};
/* End XCBuildConfiguration section */

/* Begin XCConfigurationList section */
		3DEE1CA323D374D400E4291F /* Build configuration list for PBXProject "Bicycle" */ = {
			isa = XCConfigurationList;
			buildConfigurations = (
				3DEE1CB823D374D600E4291F /* Debug */,
				3DEE1CB923D374D600E4291F /* Release */,
			);
			defaultConfigurationIsVisible = 0;
			defaultConfigurationName = Release;
		};
		3DEE1CBA23D374D600E4291F /* Build configuration list for PBXNativeTarget "Bicycle" */ = {
			isa = XCConfigurationList;
			buildConfigurations = (
				3DEE1CBB23D374D600E4291F /* Debug */,
				3DEE1CBC23D374D600E4291F /* Release */,
			);
			defaultConfigurationIsVisible = 0;
			defaultConfigurationName = Release;
		};
/* End XCConfigurationList section */
	};
	rootObject = 3DEE1CA023D374D400E4291F /* Project object */;
}
